
Microsoft Visual Studio Solution File, Format Version 12.00
# Visual Studio 2012
Project("{FAE04EC0-301F-11D3-BF4B-00C04F79EFBC}") = "MusicFormatFixer", "WindowsFormsApplication1\MusicFormatFixer.csproj", "{B77478D0-CCE0-45F2-B1C3-9001BC184828}"
EndProject
Global
	GlobalSection(SolutionConfigurationPlatforms) = preSolution
		Debug|Any CPU = Debug|Any CPU
		Release|Any CPU = Release|Any CPU
	EndGlobalSection
	GlobalSection(ProjectConfigurationPlatforms) = postSolution
		{B77478D0-CCE0-45F2-B1C3-9001BC184828}.Debug|Any CPU.ActiveCfg = Debug|Any CPU
		{B77478D0-CCE0-45F2-B1C3-9001BC184828}.Debug|Any CPU.Build.0 = Debug|Any CPU
		{B77478D0-CCE0-45F2-B1C3-9001BC184828}.Release|Any CPU.ActiveCfg = Release|Any CPU
		{B77478D0-CCE0-45F2-B1C3-9001BC184828}.Release|Any CPU.Build.0 = Release|Any CPU
	EndGlobalSection
	GlobalSection(SolutionProperties) = preSolution
		HideSolutionNode = FALSE
	EndGlobalSection
EndGlobal
